
Microsoft Visual Studio Solution File, Format Version 12.00
# Visual Studio Version 17
VisualStudioVersion = 17.3.32922.545
MinimumVisualStudioVersion = 10.0.40219.1
Project("{9A19103F-16F7-4668-BE54-9A1E7A4F7556}") = "RyanPolterSite", "RyanPolterSite\RyanPolterSite.csproj", "{4B07910E-C65B-491D-B31A-ADDCF95DA79C}"
EndProject
Project("{FAE04EC0-301F-11D3-BF4B-00C04F79EFBC}") = "RyanPolterSiteTests", "RyanPolterSiteTests\RyanPolterSiteTests.csproj", "{3C7F8BBA-44A3-4086-8BF0-9C06F63144FB}"
EndProject
Global
	GlobalSection(SolutionConfigurationPlatforms) = preSolution
		Debug|Any CPU = Debug|Any CPU
		Release|Any CPU = Release|Any CPU
	EndGlobalSection
	GlobalSection(ProjectConfigurationPlatforms) = postSolution
		{4B07910E-C65B-491D-B31A-ADDCF95DA79C}.Debug|Any CPU.ActiveCfg = Debug|Any CPU
		{4B07910E-C65B-491D-B31A-ADDCF95DA79C}.Debug|Any CPU.Build.0 = Debug|Any CPU
		{4B07910E-C65B-491D-B31A-ADDCF95DA79C}.Release|Any CPU.ActiveCfg = Release|Any CPU
		{4B07910E-C65B-491D-B31A-ADDCF95DA79C}.Release|Any CPU.Build.0 = Release|Any CPU
		{3C7F8BBA-44A3-4086-8BF0-9C06F63144FB}.Debug|Any CPU.ActiveCfg = Debug|Any CPU
		{3C7F8BBA-44A3-4086-8BF0-9C06F63144FB}.Debug|Any CPU.Build.0 = Debug|Any CPU
		{3C7F8BBA-44A3-4086-8BF0-9C06F63144FB}.Release|Any CPU.ActiveCfg = Release|Any CPU
		{3C7F8BBA-44A3-4086-8BF0-9C06F63144FB}.Release|Any CPU.Build.0 = Release|Any CPU
	EndGlobalSection
	GlobalSection(SolutionProperties) = preSolution
		HideSolutionNode = FALSE
	EndGlobalSection
	GlobalSection(ExtensibilityGlobals) = postSolution
		SolutionGuid = {7EA58FC9-5BD5-4BD3-AE6C-21D994B813B1}
	EndGlobalSection
EndGlobal
